
Microsoft Visual Studio Solution File, Format Version 12.00
# Visual Studio Version 17
VisualStudioVersion = 17.2.32505.173
MinimumVisualStudioVersion = 10.0.40219.1
Project("{9A19103F-16F7-4668-BE54-9A1E7A4F7556}") = "Exemplo 01", "Exemplo 01\Exemplo 01.csproj", "{979C71A9-0363-4435-AB73-995C1D164A46}"
EndProject
Project("{9A19103F-16F7-4668-BE54-9A1E7A4F7556}") = "Exemplo 02", "Exemplo 02\Exemplo 02.csproj", "{B0C3088F-881B-45A5-BAFC-E00F8D214CFF}"
EndProject
Project("{9A19103F-16F7-4668-BE54-9A1E7A4F7556}") = "Exemplo 03", "Exemplo 03\Exemplo 03.csproj", "{0B93E5FD-903D-4230-86AC-84F69C4EB52D}"
EndProject
Project("{9A19103F-16F7-4668-BE54-9A1E7A4F7556}") = "Exemplo 05", "Exemplo 05\Exemplo 05.csproj", "{1B7EC516-1117-4E4F-81F4-5893283F2AE4}"
EndProject
Project("{9A19103F-16F7-4668-BE54-9A1E7A4F7556}") = "Exercício 02", "Exercício 02\Exercício 02.csproj", "{703BA49E-CBF5-4CC8-B9C9-BE6941712551}"
EndProject
Project("{9A19103F-16F7-4668-BE54-9A1E7A4F7556}") = "Exercício 03", "Exercício 03\Exercício 03.csproj", "{99C10991-2A5E-408A-8B07-B6EB491EDAFA}"
EndProject
Project("{9A19103F-16F7-4668-BE54-9A1E7A4F7556}") = "Exercício 04", "Exercício 04\Exercício 04.csproj", "{C037DA37-00D1-4207-95F0-7EF73C228A10}"
EndProject
Project("{9A19103F-16F7-4668-BE54-9A1E7A4F7556}") = "Exercício 05", "Exercício 05\Exercício 05.csproj", "{B888AA05-2A13-43D8-8C58-0627BB00175D}"
EndProject
Project("{9A19103F-16F7-4668-BE54-9A1E7A4F7556}") = "Exercício 06", "Exercício 06\Exercício 06.csproj", "{7702FD4B-6CE5-4ED3-ACF6-1F38BB294F09}"
EndProject
Project("{9A19103F-16F7-4668-BE54-9A1E7A4F7556}") = "Exercício 07", "Exercício 07\Exercício 07.csproj", "{079B02DD-C616-4EB9-91DF-6329AB9F4A96}"
EndProject
Project("{9A19103F-16F7-4668-BE54-9A1E7A4F7556}") = "Exercício 08", "Exercício 08\Exercício 08.csproj", "{FD6BAE6E-89AD-40F9-8D24-5C01F53D77BA}"
EndProject
Project("{9A19103F-16F7-4668-BE54-9A1E7A4F7556}") = "Exercício 01", "Exercício 01\Exercício 01.csproj", "{24CA6BD7-767D-4ABE-B6F0-02F92BC2FB7E}"
EndProject
Project("{9A19103F-16F7-4668-BE54-9A1E7A4F7556}") = "Exercício 10", "Exercício 10\Exercício 10.csproj", "{678D5AD7-1995-4BE4-A347-D8D92E54B5B9}"
EndProject
Project("{9A19103F-16F7-4668-BE54-9A1E7A4F7556}") = "Exemplo 04", "Exemplo 04\Exemplo 04.csproj", "{730AA63C-CDBF-4B18-BA5D-1C77963D8257}"
EndProject
Project("{9A19103F-16F7-4668-BE54-9A1E7A4F7556}") = "Exercício 09", "Exercício 09\Exercício 09.csproj", "{21E656EF-FB4E-4257-ABCD-0A3B2F902A84}"
EndProject
Project("{9A19103F-16F7-4668-BE54-9A1E7A4F7556}") = "Exercício 11", "Exercício 11\Exercício 11.csproj", "{C8E9C3E4-06E1-4E9C-8C9F-9F0D292BF659}"
EndProject
Project("{9A19103F-16F7-4668-BE54-9A1E7A4F7556}") = "Exercício 12", "Exercício 12\Exercício 12.csproj", "{F4574259-B9A1-45C0-ADF4-E2CF35667E5A}"
EndProject
Project("{9A19103F-16F7-4668-BE54-9A1E7A4F7556}") = "Exercício 13", "Exercício 13\Exercício 13.csproj", "{5FF9D462-D5D6-4BCF-B9E3-C087F0911651}"
EndProject
Project("{9A19103F-16F7-4668-BE54-9A1E7A4F7556}") = "Exercício 14", "Exercício 14\Exercício 14.csproj", "{2A42B473-6422-4D9F-A0EC-D238B7FCE2BE}"
EndProject
Project("{9A19103F-16F7-4668-BE54-9A1E7A4F7556}") = "Exercício 15", "Exercício 15\Exercício 15.csproj", "{463AE83E-D83F-4213-A2A8-4D25E9DB9D92}"
EndProject
Project("{9A19103F-16F7-4668-BE54-9A1E7A4F7556}") = "Exercício 16", "Exercício 16\Exercício 16.csproj", "{61D7A142-28F8-47DB-A0C9-32100DA2563D}"
EndProject
Project("{9A19103F-16F7-4668-BE54-9A1E7A4F7556}") = "Exercício 17", "Exercício 17\Exercício 17.csproj", "{515B223E-0370-491E-AB4E-77F3F1D7196B}"
EndProject
Project("{9A19103F-16F7-4668-BE54-9A1E7A4F7556}") = "Exercício 19", "Exercício 19\Exercício 19.csproj", "{FBA180DE-8EEE-49AE-8A83-D0B1B0D0A6DA}"
EndProject
Project("{9A19103F-16F7-4668-BE54-9A1E7A4F7556}") = "Exercício 20", "Exercício 20\Exercício 20.csproj", "{B60CDFC3-6346-4626-B092-C491A70BA576}"
EndProject
Project("{9A19103F-16F7-4668-BE54-9A1E7A4F7556}") = "Exercício 18", "Exercício 18\Exercício 18.csproj", "{A05EDBE5-9D1F-48AF-8464-2941EB6FA34D}"
EndProject
Project("{9A19103F-16F7-4668-BE54-9A1E7A4F7556}") = "Exercício 21", "Exercício 21\Exercício 21.csproj", "{6893BB2E-31F0-4C8B-8E7B-DD2250509D0A}"
EndProject
Project("{9A19103F-16F7-4668-BE54-9A1E7A4F7556}") = "Exercício 22", "Exercício 22\Exercício 22.csproj", "{7E20A0DF-50B4-470C-A0F7-A95F07EECE9E}"
EndProject
Project("{FAE04EC0-301F-11D3-BF4B-00C04F79EFBC}") = "Avaliação 2 William B. Padilha", "Avaliação 2 William B. Padilha\Avaliação 2 William B. Padilha.csproj", "{8EB1349D-CE6E-4BCC-9914-58F4AD869F6E}"
EndProject
Global
	GlobalSection(SolutionConfigurationPlatforms) = preSolution
		Debug|Any CPU = Debug|Any CPU
		Release|Any CPU = Release|Any CPU
	EndGlobalSection
	GlobalSection(ProjectConfigurationPlatforms) = postSolution
		{979C71A9-0363-4435-AB73-995C1D164A46}.Debug|Any CPU.ActiveCfg = Debug|Any CPU
		{979C71A9-0363-4435-AB73-995C1D164A46}.Debug|Any CPU.Build.0 = Debug|Any CPU
		{979C71A9-0363-4435-AB73-995C1D164A46}.Release|Any CPU.ActiveCfg = Release|Any CPU
		{979C71A9-0363-4435-AB73-995C1D164A46}.Release|Any CPU.Build.0 = Release|Any CPU
		{B0C3088F-881B-45A5-BAFC-E00F8D214CFF}.Debug|Any CPU.ActiveCfg = Debug|Any CPU
		{B0C3088F-881B-45A5-BAFC-E00F8D214CFF}.Debug|Any CPU.Build.0 = Debug|Any CPU
		{B0C3088F-881B-45A5-BAFC-E00F8D214CFF}.Release|Any CPU.ActiveCfg = Release|Any CPU
		{B0C3088F-881B-45A5-BAFC-E00F8D214CFF}.Release|Any CPU.Build.0 = Release|Any CPU
		{0B93E5FD-903D-4230-86AC-84F69C4EB52D}.Debug|Any CPU.ActiveCfg = Debug|Any CPU
		{0B93E5FD-903D-4230-86AC-84F69C4EB52D}.Debug|Any CPU.Build.0 = Debug|Any CPU
		{0B93E5FD-903D-4230-86AC-84F69C4EB52D}.Release|Any CPU.ActiveCfg = Release|Any CPU
		{0B93E5FD-903D-4230-86AC-84F69C4EB52D}.Release|Any CPU.Build.0 = Release|Any CPU
		{1B7EC516-1117-4E4F-81F4-5893283F2AE4}.Debug|Any CPU.ActiveCfg = Debug|Any CPU
		{1B7EC516-1117-4E4F-81F4-5893283F2AE4}.Debug|Any CPU.Build.0 = Debug|Any CPU
		{1B7EC516-1117-4E4F-81F4-5893283F2AE4}.Release|Any CPU.ActiveCfg = Release|Any CPU
		{1B7EC516-1117-4E4F-81F4-5893283F2AE4}.Release|Any CPU.Build.0 = Release|Any CPU
		{703BA49E-CBF5-4CC8-B9C9-BE6941712551}.Debug|Any CPU.ActiveCfg = Debug|Any CPU
		{703BA49E-CBF5-4CC8-B9C9-BE6941712551}.Debug|Any CPU.Build.0 = Debug|Any CPU
		{703BA49E-CBF5-4CC8-B9C9-BE6941712551}.Release|Any CPU.ActiveCfg = Release|Any CPU
		{703BA49E-CBF5-4CC8-B9C9-BE6941712551}.Release|Any CPU.Build.0 = Release|Any CPU
		{99C10991-2A5E-408A-8B07-B6EB491EDAFA}.Debug|Any CPU.ActiveCfg = Debug|Any CPU
		{99C10991-2A5E-408A-8B07-B6EB491EDAFA}.Debug|Any CPU.Build.0 = Debug|Any CPU
		{99C10991-2A5E-408A-8B07-B6EB491EDAFA}.Release|Any CPU.ActiveCfg = Release|Any CPU
		{99C10991-2A5E-408A-8B07-B6EB491EDAFA}.Release|Any CPU.Build.0 = Release|Any CPU
		{C037DA37-00D1-4207-95F0-7EF73C228A10}.Debug|Any CPU.ActiveCfg = Debug|Any CPU
		{C037DA37-00D1-4207-95F0-7EF73C228A10}.Debug|Any CPU.Build.0 = Debug|Any CPU
		{C037DA37-00D1-4207-95F0-7EF73C228A10}.Release|Any CPU.ActiveCfg = Release|Any CPU
		{C037DA37-00D1-4207-95F0-7EF73C228A10}.Release|Any CPU.Build.0 = Release|Any CPU
		{B888AA05-2A13-43D8-8C58-0627BB00175D}.Debug|Any CPU.ActiveCfg = Debug|Any CPU
		{B888AA05-2A13-43D8-8C58-0627BB00175D}.Debug|Any CPU.Build.0 = Debug|Any CPU
		{B888AA05-2A13-43D8-8C58-0627BB00175D}.Release|Any CPU.ActiveCfg = Release|Any CPU
		{B888AA05-2A13-43D8-8C58-0627BB00175D}.Release|Any CPU.Build.0 = Release|Any CPU
		{7702FD4B-6CE5-4ED3-ACF6-1F38BB294F09}.Debug|Any CPU.ActiveCfg = Debug|Any CPU
		{7702FD4B-6CE5-4ED3-ACF6-1F38BB294F09}.Debug|Any CPU.Build.0 = Debug|Any CPU
		{7702FD4B-6CE5-4ED3-ACF6-1F38BB294F09}.Release|Any CPU.ActiveCfg = Release|Any CPU
		{7702FD4B-6CE5-4ED3-ACF6-1F38BB294F09}.Release|Any CPU.Build.0 = Release|Any CPU
		{079B02DD-C616-4EB9-91DF-6329AB9F4A96}.Debug|Any CPU.ActiveCfg = Debug|Any CPU
		{079B02DD-C616-4EB9-91DF-6329AB9F4A96}.Debug|Any CPU.Build.0 = Debug|Any CPU
		{079B02DD-C616-4EB9-91DF-6329AB9F4A96}.Release|Any CPU.ActiveCfg = Release|Any CPU
		{079B02DD-C616-4EB9-91DF-6329AB9F4A96}.Release|Any CPU.Build.0 = Release|Any CPU
		{FD6BAE6E-89AD-40F9-8D24-5C01F53D77BA}.Debug|Any CPU.ActiveCfg = Debug|Any CPU
		{FD6BAE6E-89AD-40F9-8D24-5C01F53D77BA}.Debug|Any CPU.Build.0 = Debug|Any CPU
		{FD6BAE6E-89AD-40F9-8D24-5C01F53D77BA}.Release|Any CPU.ActiveCfg = Release|Any CPU
		{FD6BAE6E-89AD-40F9-8D24-5C01F53D77BA}.Release|Any CPU.Build.0 = Release|Any CPU
		{24CA6BD7-767D-4ABE-B6F0-02F92BC2FB7E}.Debug|Any CPU.ActiveCfg = Debug|Any CPU
		{24CA6BD7-767D-4ABE-B6F0-02F92BC2FB7E}.Debug|Any CPU.Build.0 = Debug|Any CPU
		{24CA6BD7-767D-4ABE-B6F0-02F92BC2FB7E}.Release|Any CPU.ActiveCfg = Release|Any CPU
		{24CA6BD7-767D-4ABE-B6F0-02F92BC2FB7E}.Release|Any CPU.Build.0 = Release|Any CPU
		{678D5AD7-1995-4BE4-A347-D8D92E54B5B9}.Debug|Any CPU.ActiveCfg = Debug|Any CPU
		{678D5AD7-1995-4BE4-A347-D8D92E54B5B9}.Debug|Any CPU.Build.0 = Debug|Any CPU
		{678D5AD7-1995-4BE4-A347-D8D92E54B5B9}.Release|Any CPU.ActiveCfg = Release|Any CPU
		{678D5AD7-1995-4BE4-A347-D8D92E54B5B9}.Release|Any CPU.Build.0 = Release|Any CPU
		{730AA63C-CDBF-4B18-BA5D-1C77963D8257}.Debug|Any CPU.ActiveCfg = Debug|Any CPU
		{730AA63C-CDBF-4B18-BA5D-1C77963D8257}.Debug|Any CPU.Build.0 = Debug|Any CPU
		{730AA63C-CDBF-4B18-BA5D-1C77963D8257}.Release|Any CPU.ActiveCfg = Release|Any CPU
		{730AA63C-CDBF-4B18-BA5D-1C77963D8257}.Release|Any CPU.Build.0 = Release|Any CPU
		{21E656EF-FB4E-4257-ABCD-0A3B2F902A84}.Debug|Any CPU.ActiveCfg = Debug|Any CPU
		{21E656EF-FB4E-4257-ABCD-0A3B2F902A84}.Debug|Any CPU.Build.0 = Debug|Any CPU
		{21E656EF-FB4E-4257-ABCD-0A3B2F902A84}.Release|Any CPU.ActiveCfg = Release|Any CPU
		{21E656EF-FB4E-4257-ABCD-0A3B2F902A84}.Release|Any CPU.Build.0 = Release|Any CPU
		{C8E9C3E4-06E1-4E9C-8C9F-9F0D292BF659}.Debug|Any CPU.ActiveCfg = Debug|Any CPU
		{C8E9C3E4-06E1-4E9C-8C9F-9F0D292BF659}.Debug|Any CPU.Build.0 = Debug|Any CPU
		{C8E9C3E4-06E1-4E9C-8C9F-9F0D292BF659}.Release|Any CPU.ActiveCfg = Release|Any CPU
		{C8E9C3E4-06E1-4E9C-8C9F-9F0D292BF659}.Release|Any CPU.Build.0 = Release|Any CPU
		{F4574259-B9A1-45C0-ADF4-E2CF35667E5A}.Debug|Any CPU.ActiveCfg = Debug|Any CPU
		{F4574259-B9A1-45C0-ADF4-E2CF35667E5A}.Debug|Any CPU.Build.0 = Debug|Any CPU
		{F4574259-B9A1-45C0-ADF4-E2CF35667E5A}.Release|Any CPU.ActiveCfg = Release|Any CPU
		{F4574259-B9A1-45C0-ADF4-E2CF35667E5A}.Release|Any CPU.Build.0 = Release|Any CPU
		{5FF9D462-D5D6-4BCF-B9E3-C087F0911651}.Debug|Any CPU.ActiveCfg = Debug|Any CPU
		{5FF9D462-D5D6-4BCF-B9E3-C087F0911651}.Debug|Any CPU.Build.0 = Debug|Any CPU
		{5FF9D462-D5D6-4BCF-B9E3-C087F0911651}.Release|Any CPU.ActiveCfg = Release|Any CPU
		{5FF9D462-D5D6-4BCF-B9E3-C087F0911651}.Release|Any CPU.Build.0 = Release|Any CPU
		{2A42B473-6422-4D9F-A0EC-D238B7FCE2BE}.Debug|Any CPU.ActiveCfg = Debug|Any CPU
		{2A42B473-6422-4D9F-A0EC-D238B7FCE2BE}.Debug|Any CPU.Build.0 = Debug|Any CPU
		{2A42B473-6422-4D9F-A0EC-D238B7FCE2BE}.Release|Any CPU.ActiveCfg = Release|Any CPU
		{2A42B473-6422-4D9F-A0EC-D238B7FCE2BE}.Release|Any CPU.Build.0 = Release|Any CPU
		{463AE83E-D83F-4213-A2A8-4D25E9DB9D92}.Debug|Any CPU.ActiveCfg = Debug|Any CPU
		{463AE83E-D83F-4213-A2A8-4D25E9DB9D92}.Debug|Any CPU.Build.0 = Debug|Any CPU
		{463AE83E-D83F-4213-A2A8-4D25E9DB9D92}.Release|Any CPU.ActiveCfg = Release|Any CPU
		{463AE83E-D83F-4213-A2A8-4D25E9DB9D92}.Release|Any CPU.Build.0 = Release|Any CPU
		{61D7A142-28F8-47DB-A0C9-32100DA2563D}.Debug|Any CPU.ActiveCfg = Debug|Any CPU
		{61D7A142-28F8-47DB-A0C9-32100DA2563D}.Debug|Any CPU.Build.0 = Debug|Any CPU
		{61D7A142-28F8-47DB-A0C9-32100DA2563D}.Release|Any CPU.ActiveCfg = Release|Any CPU
		{61D7A142-28F8-47DB-A0C9-32100DA2563D}.Release|Any CPU.Build.0 = Release|Any CPU
		{515B223E-0370-491E-AB4E-77F3F1D7196B}.Debug|Any CPU.ActiveCfg = Debug|Any CPU
		{515B223E-0370-491E-AB4E-77F3F1D7196B}.Debug|Any CPU.Build.0 = Debug|Any CPU
		{515B223E-0370-491E-AB4E-77F3F1D7196B}.Release|Any CPU.ActiveCfg = Release|Any CPU
		{515B223E-0370-491E-AB4E-77F3F1D7196B}.Release|Any CPU.Build.0 = Release|Any CPU
		{FBA180DE-8EEE-49AE-8A83-D0B1B0D0A6DA}.Debug|Any CPU.ActiveCfg = Debug|Any CPU
		{FBA180DE-8EEE-49AE-8A83-D0B1B0D0A6DA}.Debug|Any CPU.Build.0 = Debug|Any CPU
		{FBA180DE-8EEE-49AE-8A83-D0B1B0D0A6DA}.Release|Any CPU.ActiveCfg = Release|Any CPU
		{FBA180DE-8EEE-49AE-8A83-D0B1B0D0A6DA}.Release|Any CPU.Build.0 = Release|Any CPU
		{B60CDFC3-6346-4626-B092-C491A70BA576}.Debug|Any CPU.ActiveCfg = Debug|Any CPU
		{B60CDFC3-6346-4626-B092-C491A70BA576}.Debug|Any CPU.Build.0 = Debug|Any CPU
		{B60CDFC3-6346-4626-B092-C491A70BA576}.Release|Any CPU.ActiveCfg = Release|Any CPU
		{B60CDFC3-6346-4626-B092-C491A70BA576}.Release|Any CPU.Build.0 = Release|Any CPU
		{A05EDBE5-9D1F-48AF-8464-2941EB6FA34D}.Debug|Any CPU.ActiveCfg = Debug|Any CPU
		{A05EDBE5-9D1F-48AF-8464-2941EB6FA34D}.Debug|Any CPU.Build.0 = Debug|Any CPU
		{A05EDBE5-9D1F-48AF-8464-2941EB6FA34D}.Release|Any CPU.ActiveCfg = Release|Any CPU
		{A05EDBE5-9D1F-48AF-8464-2941EB6FA34D}.Release|Any CPU.Build.0 = Release|Any CPU
		{6893BB2E-31F0-4C8B-8E7B-DD2250509D0A}.Debug|Any CPU.ActiveCfg = Debug|Any CPU
		{6893BB2E-31F0-4C8B-8E7B-DD2250509D0A}.Debug|Any CPU.Build.0 = Debug|Any CPU
		{6893BB2E-31F0-4C8B-8E7B-DD2250509D0A}.Release|Any CPU.ActiveCfg = Release|Any CPU
		{6893BB2E-31F0-4C8B-8E7B-DD2250509D0A}.Release|Any CPU.Build.0 = Release|Any CPU
		{7E20A0DF-50B4-470C-A0F7-A95F07EECE9E}.Debug|Any CPU.ActiveCfg = Debug|Any CPU
		{7E20A0DF-50B4-470C-A0F7-A95F07EECE9E}.Debug|Any CPU.Build.0 = Debug|Any CPU
		{7E20A0DF-50B4-470C-A0F7-A95F07EECE9E}.Release|Any CPU.ActiveCfg = Release|Any CPU
		{7E20A0DF-50B4-470C-A0F7-A95F07EECE9E}.Release|Any CPU.Build.0 = Release|Any CPU
		{8EB1349D-CE6E-4BCC-9914-58F4AD869F6E}.Debug|Any CPU.ActiveCfg = Debug|Any CPU
		{8EB1349D-CE6E-4BCC-9914-58F4AD869F6E}.Debug|Any CPU.Build.0 = Debug|Any CPU
		{8EB1349D-CE6E-4BCC-9914-58F4AD869F6E}.Release|Any CPU.ActiveCfg = Release|Any CPU
		{8EB1349D-CE6E-4BCC-9914-58F4AD869F6E}.Release|Any CPU.Build.0 = Release|Any CPU
	EndGlobalSection
	GlobalSection(SolutionProperties) = preSolution
		HideSolutionNode = FALSE
	EndGlobalSection
	GlobalSection(ExtensibilityGlobals) = postSolution
		SolutionGuid = {3D38A441-B1CC-489A-B384-3B751D2DABB3}
	EndGlobalSection
EndGlobal
