
Microsoft Visual Studio Solution File, Format Version 12.00
# Visual Studio Version 17
VisualStudioVersion = 17.2.32505.173
MinimumVisualStudioVersion = 10.0.40219.1
Project("{FAE04EC0-301F-11D3-BF4B-00C04F79EFBC}") = "Atividade WebForms", "Atividade WebForms\Atividade WebForms.csproj", "{74D1F422-E4AA-4B67-B93A-D3C0D89DF733}"
EndProject
Global
	GlobalSection(SolutionConfigurationPlatforms) = preSolution
		Debug|Any CPU = Debug|Any CPU
		Release|Any CPU = Release|Any CPU
	EndGlobalSection
	GlobalSection(ProjectConfigurationPlatforms) = postSolution
		{74D1F422-E4AA-4B67-B93A-D3C0D89DF733}.Debug|Any CPU.ActiveCfg = Debug|Any CPU
		{74D1F422-E4AA-4B67-B93A-D3C0D89DF733}.Debug|Any CPU.Build.0 = Debug|Any CPU
		{74D1F422-E4AA-4B67-B93A-D3C0D89DF733}.Release|Any CPU.ActiveCfg = Release|Any CPU
		{74D1F422-E4AA-4B67-B93A-D3C0D89DF733}.Release|Any CPU.Build.0 = Release|Any CPU
	EndGlobalSection
	GlobalSection(SolutionProperties) = preSolution
		HideSolutionNode = FALSE
	EndGlobalSection
	GlobalSection(ExtensibilityGlobals) = postSolution
		SolutionGuid = {2AE16685-D17A-416C-9081-6EB15497DB03}
	EndGlobalSection
EndGlobal
